{
  "name": "repo-health-radar",
  "version": "0.1.1",
  "lockfileVersion": 3,
  "requires": true,
  "packages": {
    "": {
      "name": "repo-health-radar",
      "version": "0.1.1",
      "license": "MIT",
      "bin": {
        "repo-health-radar": "src/cli.js"
      },
      "engines": {
        "node": ">=20"
      }
    }
  }
}
